
Microsoft Visual Studio Solution File, Format Version 12.00
# Visual Studio Version 17
VisualStudioVersion = 17.13.35931.197 d17.13
MinimumVisualStudioVersion = 10.0.40219.1
Project("{FAE04EC0-301F-11D3-BF4B-00C04F79EFBC}") = "Ekta Mobilya web", "Ekta Mobilya web\Ekta Mobilya web.csproj", "{7A7BCDC9-51B2-490A-8550-67D85F27B967}"
EndProject
Global
	GlobalSection(SolutionConfigurationPlatforms) = preSolution
		Debug|Any CPU = Debug|Any CPU
		Release|Any CPU = Release|Any CPU
	EndGlobalSection
	GlobalSection(ProjectConfigurationPlatforms) = postSolution
		{7A7BCDC9-51B2-490A-8550-67D85F27B967}.Debug|Any CPU.ActiveCfg = Debug|Any CPU
		{7A7BCDC9-51B2-490A-8550-67D85F27B967}.Debug|Any CPU.Build.0 = Debug|Any CPU
		{7A7BCDC9-51B2-490A-8550-67D85F27B967}.Release|Any CPU.ActiveCfg = Release|Any CPU
		{7A7BCDC9-51B2-490A-8550-67D85F27B967}.Release|Any CPU.Build.0 = Release|Any CPU
	EndGlobalSection
	GlobalSection(SolutionProperties) = preSolution
		HideSolutionNode = FALSE
	EndGlobalSection
	GlobalSection(ExtensibilityGlobals) = postSolution
		SolutionGuid = {7408A7AA-DDF7-4584-BB46-177528BC862B}
	EndGlobalSection
EndGlobal
